
Microsoft Visual Studio Solution File, Format Version 12.00
# Visual Studio Version 17
VisualStudioVersion = 17.14.36015.10 d17.14
MinimumVisualStudioVersion = 10.0.40219.1
Project("{FAE04EC0-301F-11D3-BF4B-00C04F79EFBC}") = "Company.API", "Company.API\Company.API.csproj", "{B4E1D9A8-B35E-4B68-A7DA-D80BD93DAD61}"
EndProject
Global
	GlobalSection(SolutionConfigurationPlatforms) = preSolution
		Debug|Any CPU = Debug|Any CPU
		Release|Any CPU = Release|Any CPU
	EndGlobalSection
	GlobalSection(ProjectConfigurationPlatforms) = postSolution
		{B4E1D9A8-B35E-4B68-A7DA-D80BD93DAD61}.Debug|Any CPU.ActiveCfg = Debug|Any CPU
		{B4E1D9A8-B35E-4B68-A7DA-D80BD93DAD61}.Debug|Any CPU.Build.0 = Debug|Any CPU
		{B4E1D9A8-B35E-4B68-A7DA-D80BD93DAD61}.Release|Any CPU.ActiveCfg = Release|Any CPU
		{B4E1D9A8-B35E-4B68-A7DA-D80BD93DAD61}.Release|Any CPU.Build.0 = Release|Any CPU
	EndGlobalSection
	GlobalSection(SolutionProperties) = preSolution
		HideSolutionNode = FALSE
	EndGlobalSection
	GlobalSection(ExtensibilityGlobals) = postSolution
		SolutionGuid = {53F201DA-3911-4119-8507-CFEC7D0DD3B2}
	EndGlobalSection
EndGlobal
